
Microsoft Visual Studio Solution File, Format Version 12.00
# Visual Studio Version 16
VisualStudioVersion = 16.0.30907.101
MinimumVisualStudioVersion = 10.0.40219.1
Project("{FAE04EC0-301F-11D3-BF4B-00C04F79EFBC}") = "Kosta", "Kosta\Kosta.csproj", "{74D00479-28C1-448E-A715-70C5EEE069D9}"
EndProject
Global
	GlobalSection(SolutionConfigurationPlatforms) = preSolution
		Debug|Any CPU = Debug|Any CPU
		Release|Any CPU = Release|Any CPU
	EndGlobalSection
	GlobalSection(ProjectConfigurationPlatforms) = postSolution
		{74D00479-28C1-448E-A715-70C5EEE069D9}.Debug|Any CPU.ActiveCfg = Debug|Any CPU
		{74D00479-28C1-448E-A715-70C5EEE069D9}.Debug|Any CPU.Build.0 = Debug|Any CPU
		{74D00479-28C1-448E-A715-70C5EEE069D9}.Release|Any CPU.ActiveCfg = Release|Any CPU
		{74D00479-28C1-448E-A715-70C5EEE069D9}.Release|Any CPU.Build.0 = Release|Any CPU
	EndGlobalSection
	GlobalSection(SolutionProperties) = preSolution
		HideSolutionNode = FALSE
	EndGlobalSection
	GlobalSection(ExtensibilityGlobals) = postSolution
		SolutionGuid = {68025D74-CE4B-4952-835D-DA5600BAF1F3}
	EndGlobalSection
EndGlobal
